{
  "nodes": {
    "nixos-hardware": {
      "locked": {
        "lastModified": 1678095239,
        "narHash": "sha256-4F6jovFJcwh6OkMsY94ZrHdrvVqZi1FX5pYv6V9LIQw=",
        "owner": "nixos",
        "repo": "nixos-hardware",
        "rev": "f6610997b0fc5ea5f9e142c348fca27497efe1c7",
        "type": "github"
      },
      "original": {
        "owner": "nixos",
        "repo": "nixos-hardware",
        "type": "github"
      }
    },
    "nixpkgs": {
      "locked": {
        "lastModified": 1678293141,
        "narHash": "sha256-lLlQHaR0y+q6nd6kfpydPTGHhl1rS9nU9OQmztzKOYs=",
        "owner": "nixos",
        "repo": "nixpkgs",
        "rev": "c90c4025bb6e0c4eaf438128a3b2640314b1c58d",
        "type": "github"
      },
      "original": {
        "owner": "nixos",
        "ref": "nixos-unstable",
        "repo": "nixpkgs",
        "type": "github"
      }
    },
    "root": {
      "inputs": {
        "nixos-hardware": "nixos-hardware",
        "nixpkgs": "nixpkgs"
      }
    }
  },
  "root": "root",
  "version": 7
}
