{
  "nodes": {
    "nixos-hardware": {
      "locked": {
        "lastModified": 1667585378,
        "narHash": "sha256-cvOwucrjBaAkaGk3FunG+MQiwiSBeIVTtO5n/YavpC0=",
        "owner": "nixos",
        "repo": "nixos-hardware",
        "rev": "6b35a59c19ddbbeb229fcd1d3dcd422dcc0fa927",
        "type": "github"
      },
      "original": {
        "owner": "nixos",
        "repo": "nixos-hardware",
        "type": "github"
      }
    },
    "nixpkgs": {
      "locked": {
        "lastModified": 1664178928,
        "narHash": "sha256-+WVCZH/3Ifef4Da9N1tkGnmfX0QwtkJQz013QuImu10=",
        "owner": "nixos",
        "repo": "nixpkgs",
        "rev": "b542cc75fa03a3a29350d4c3b69739e946268a93",
        "type": "github"
      },
      "original": {
        "owner": "nixos",
        "ref": "nixos-22.05",
        "repo": "nixpkgs",
        "type": "github"
      }
    },
    "root": {
      "inputs": {
        "nixos-hardware": "nixos-hardware",
        "nixpkgs": "nixpkgs"
      }
    }
  },
  "root": "root",
  "version": 7
}
